// !$*UTF8*$!
{
	archiveVersion = 1;
	classes = {
	};
	objectVersion = 46;
	objects = {

/* Begin PBXBuildFile section */
		8B535D431C61C5E800153FED /* AppDelegate.swift in Sources */ = {isa = PBXBuildFile; fileRef = 8B535D421C61C5E800153FED /* AppDelegate.swift */; };
		8B535D451C61C5E800153FED /* ViewController.swift in Sources */ = {isa = PBXBuildFile; fileRef = 8B535D441C61C5E800153FED /* ViewController.swift */; };
		8B535D481C61C5E800153FED /* Main.storyboard in Resources */ = {isa = PBXBuildFile; fileRef = 8B535D461C61C5E800153FED /* Main.storyboard */; };
		8B535D4A1C61C5E800153FED /* Assets.xcassets in Resources */ = {isa = PBXBuildFile; fileRef = 8B535D491C61C5E800153FED /* Assets.xcassets */; };
		8B535D4D1C61C5E800153FED /* LaunchScreen.storyboard in Resources */ = {isa = PBXBuildFile; fileRef = 8B535D4B1C61C5E800153FED /* LaunchScreen.storyboard */; };
/* End PBXBuildFile section */

/* Begin PBXFileReference section */
		8B535D3F1C61C5E800153FED /* CodePath Week 1 Dropbox.app */ = {isa = PBXFileReference; explicitFileType = wrapper.application; includeInIndex = 0; path = "CodePath Week 1 Dropbox.app"; sourceTree = BUILT_PRODUCTS_DIR; };
		8B535D421C61C5E800153FED /* AppDelegate.swift */ = {isa = PBXFileReference; lastKnownFileType = sourcecode.swift; path = AppDelegate.swift; sourceTree = "<group>"; };
		8B535D441C61C5E800153FED /* ViewController.swift */ = {isa = PBXFileReference; lastKnownFileType = sourcecode.swift; path = ViewController.swift; sourceTree = "<group>"; };
		8B535D471C61C5E800153FED /* Base */ = {isa = PBXFileReference; lastKnownFileType = file.storyboard; name = Base; path = Base.lproj/Main.storyboard; sourceTree = "<group>"; };
		8B535D491C61C5E800153FED /* Assets.xcassets */ = {isa = PBXFileReference; lastKnownFileType = folder.assetcatalog; path = Assets.xcassets; sourceTree = "<group>"; };
		8B535D4C1C61C5E800153FED /* Base */ = {isa = PBXFileReference; lastKnownFileType = file.storyboard; name = Base; path = Base.lproj/LaunchScreen.storyboard; sourceTree = "<group>"; };
		8B535D4E1C61C5E800153FED /* Info.plist */ = {isa = PBXFileReference; lastKnownFileType = text.plist.xml; path = Info.plist; sourceTree = "<group>"; };
/* End PBXFileReference section */

/* Begin PBXFrameworksBuildPhase section */
		8B535D3C1C61C5E800153FED /* Frameworks */ = {
			isa = PBXFrameworksBuildPhase;
			buildActionMask = 2147483647;
			files = (
			);
			runOnlyForDeploymentPostprocessing = 0;
		};
/* End PBXFrameworksBuildPhase section */

/* Begin PBXGroup section */
		8B535D361C61C5E800153FED = {
			isa = PBXGroup;
			children = (
				8B535D411C61C5E800153FED /* CodePath Week 1 Dropbox */,
				8B535D401C61C5E800153FED /* Products */,
			);
			sourceTree = "<group>";
		};
		8B535D401C61C5E800153FED /* Products */ = {
			isa = PBXGroup;
			children = (
				8B535D3F1C61C5E800153FED /* CodePath Week 1 Dropbox.app */,
			);
			name = Products;
			sourceTree = "<group>";
		};
		8B535D411C61C5E800153FED /* CodePath Week 1 Dropbox */ = {
			isa = PBXGroup;
			children = (
				8B535D421C61C5E800153FED /* AppDelegate.swift */,
				8B535D441C61C5E800153FED /* ViewController.swift */,
				8B535D461C61C5E800153FED /* Main.storyboard */,
				8B535D491C61C5E800153FED /* Assets.xcassets */,
				8B535D4B1C61C5E800153FED /* LaunchScreen.storyboard */,
				8B535D4E1C61C5E800153FED /* Info.plist */,
			);
			path = "CodePath Week 1 Dropbox";
			sourceTree = "<group>";
		};
/* End PBXGroup section */

/* Begin PBXNativeTarget section */
		8B535D3E1C61C5E800153FED /* CodePath Week 1 Dropbox */ = {
			isa = PBXNativeTarget;
			buildConfigurationList = 8B535D511C61C5E800153FED /* Build configuration list for PBXNativeTarget "CodePath Week 1 Dropbox" */;
			buildPhases = (
				8B535D3B1C61C5E800153FED /* Sources */,
				8B535D3C1C61C5E800153FED /* Frameworks */,
				8B535D3D1C61C5E800153FED /* Resources */,
			);
			buildRules = (
			);
			dependencies = (
			);
			name = "CodePath Week 1 Dropbox";
			productName = "CodePath Week 1 Dropbox";
			productReference = 8B535D3F1C61C5E800153FED /* CodePath Week 1 Dropbox.app */;
			productType = "com.apple.product-type.application";
		};
/* End PBXNativeTarget section */

/* Begin PBXProject section */
		8B535D371C61C5E800153FED /* Project object */ = {
			isa = PBXProject;
			attributes = {
				LastSwiftUpdateCheck = 0720;
				LastUpgradeCheck = 0720;
				ORGANIZATIONNAME = "Beau Smith";
				TargetAttributes = {
					8B535D3E1C61C5E800153FED = {
						CreatedOnToolsVersion = 7.2;
					};
				};
			};
			buildConfigurationList = 8B535D3A1C61C5E800153FED /* Build configuration list for PBXProject "CodePath Week 1 Dropbox" */;
			compatibilityVersion = "Xcode 3.2";
			developmentRegion = English;
			hasScannedForEncodings = 0;
			knownRegions = (
				en,
				Base,
			);
			mainGroup = 8B535D361C61C5E800153FED;
			productRefGroup = 8B535D401C61C5E800153FED /* Products */;
			projectDirPath = "";
			projectRoot = "";
			targets = (
				8B535D3E1C61C5E800153FED /* CodePath Week 1 Dropbox */,
			);
		};
/* End PBXProject section */

/* Begin PBXResourcesBuildPhase section */
		8B535D3D1C61C5E800153FED /* Resources */ = {
			isa = PBXResourcesBuildPhase;
			buildActionMask = 2147483647;
			files = (
				8B535D4D1C61C5E800153FED /* LaunchScreen.storyboard in Resources */,
				8B535D4A1C61C5E800153FED /* Assets.xcassets in Resources */,
				8B535D481C61C5E800153FED /* Main.storyboard in Resources */,
			);
			runOnlyForDeploymentPostprocessing = 0;
		};
/* End PBXResourcesBuildPhase section */

/* Begin PBXSourcesBuildPhase section */
		8B535D3B1C61C5E800153FED /* Sources */ = {
			isa = PBXSourcesBuildPhase;
			buildActionMask = 2147483647;
			files = (
				8B535D451C61C5E800153FED /* ViewController.swift in Sources */,
				8B535D431C61C5E800153FED /* AppDelegate.swift in Sources */,
			);
			runOnlyForDeploymentPostprocessing = 0;
		};
/* End PBXSourcesBuildPhase section */

/* Begin PBXVariantGroup section */
		8B535D461C61C5E800153FED /* Main.storyboard */ = {
			isa = PBXVariantGroup;
			children = (
				8B535D471C61C5E800153FED /* Base */,
			);
			name = Main.storyboard;
			sourceTree = "<group>";
		};
		8B535D4B1C61C5E800153FED /* LaunchScreen.storyboard */ = {
			isa = PBXVariantGroup;
			children = (
				8B535D4C1C61C5E800153FED /* Base */,
			);
			name = LaunchScreen.storyboard;
			sourceTree = "<group>";
		};
/* End PBXVariantGroup section */

/* Begin XCBuildConfiguration section */
		8B535D4F1C61C5E800153FED /* Debug */ = {
			isa = XCBuildConfiguration;
			buildSettings = {
				ALWAYS_SEARCH_USER_PATHS = NO;
				CLANG_CXX_LANGUAGE_STANDARD = "gnu++0x";
				CLANG_CXX_LIBRARY = "libc++";
				CLANG_ENABLE_MODULES = YES;
				CLANG_ENABLE_OBJC_ARC = YES;
				CLANG_WARN_BOOL_CONVERSION = YES;
				CLANG_WARN_CONSTANT_CONVERSION = YES;
				CLANG_WARN_DIRECT_OBJC_ISA_USAGE = YES_ERROR;
				CLANG_WARN_EMPTY_BODY = YES;
				CLANG_WARN_ENUM_CONVERSION = YES;
				CLANG_WARN_INT_CONVERSION = YES;
				CLANG_WARN_OBJC_ROOT_CLASS = YES_ERROR;
				CLANG_WARN_UNREACHABLE_CODE = YES;
				CLANG_WARN__DUPLICATE_METHOD_MATCH = YES;
				"CODE_SIGN_IDENTITY[sdk=iphoneos*]" = "iPhone Developer";
				COPY_PHASE_STRIP = NO;
				DEBUG_INFORMATION_FORMAT = dwarf;
				ENABLE_STRICT_OBJC_MSGSEND = YES;
				ENABLE_TESTABILITY = YES;
				GCC_C_LANGUAGE_STANDARD = gnu99;
				GCC_DYNAMIC_NO_PIC = NO;
				GCC_NO_COMMON_BLOCKS = YES;
				GCC_OPTIMIZATION_LEVEL = 0;
				GCC_PREPROCESSOR_DEFINITIONS = (
					"DEBUG=1",
					"$(inherited)",
				);
				GCC_WARN_64_TO_32_BIT_CONVERSION = YES;
				GCC_WARN_ABOUT_RETURN_TYPE = YES_ERROR;
				GCC_WARN_UNDECLARED_SELECTOR = YES;
				GCC_WARN_UNINITIALIZED_AUTOS = YES_AGGRESSIVE;
				GCC_WARN_UNUSED_FUNCTION = YES;
				GCC_WARN_UNUSED_VARIABLE = YES;
				IPHONEOS_DEPLOYMENT_TARGET = 9.2;
				MTL_ENABLE_DEBUG_INFO = YES;
				ONLY_ACTIVE_ARCH = YES;
				SDKROOT = iphoneos;
				SWIFT_OPTIMIZATION_LEVEL = "-Onone";
			};
			name = Debug;
		};
		8B535D501C61C5E800153FED /* Release */ = {
			isa = XCBuildConfiguration;
			buildSettings = {
				ALWAYS_SEARCH_USER_PATHS = NO;
				CLANG_CXX_LANGUAGE_STANDARD = "gnu++0x";
				CLANG_CXX_LIBRARY = "libc++";
				CLANG_ENABLE_MODULES = YES;
				CLANG_ENABLE_OBJC_ARC = YES;
				CLANG_WARN_BOOL_CONVERSION = YES;
				CLANG_WARN_CONSTANT_CONVERSION = YES;
				CLANG_WARN_DIRECT_OBJC_ISA_USAGE = YES_ERROR;
				CLANG_WARN_EMPTY_BODY = YES;
				CLANG_WARN_ENUM_CONVERSION = YES;
				CLANG_WARN_INT_CONVERSION = YES;
				CLANG_WARN_OBJC_ROOT_CLASS = YES_ERROR;
				CLANG_WARN_UNREACHABLE_CODE = YES;
				CLANG_WARN__DUPLICATE_METHOD_MATCH = YES;
				"CODE_SIGN_IDENTITY[sdk=iphoneos*]" = "iPhone Developer";
				COPY_PHASE_STRIP = NO;
				DEBUG_INFORMATION_FORMAT = "dwarf-with-dsym";
				ENABLE_NS_ASSERTIONS = NO;
				ENABLE_STRICT_OBJC_MSGSEND = YES;
				GCC_C_LANGUAGE_STANDARD = gnu99;
				GCC_NO_COMMON_BLOCKS = YES;
				GCC_WARN_64_TO_32_BIT_CONVERSION = YES;
				GCC_WARN_ABOUT_RETURN_TYPE = YES_ERROR;
				GCC_WARN_UNDECLARED_SELECTOR = YES;
				GCC_WARN_UNINITIALIZED_AUTOS = YES_AGGRESSIVE;
				GCC_WARN_UNUSED_FUNCTION = YES;
				GCC_WARN_UNUSED_VARIABLE = YES;
				IPHONEOS_DEPLOYMENT_TARGET = 9.2;
				MTL_ENABLE_DEBUG_INFO = NO;
				SDKROOT = iphoneos;
				VALIDATE_PRODUCT = YES;
			};
			name = Release;
		};
		8B535D521C61C5E800153FED /* Debug */ = {
			isa = XCBuildConfiguration;
			buildSettings = {
				ASSETCATALOG_COMPILER_APPICON_NAME = AppIcon;
				INFOPLIST_FILE = "CodePath Week 1 Dropbox/Info.plist";
				LD_RUNPATH_SEARCH_PATHS = "$(inherited) @executable_path/Frameworks";
				PRODUCT_BUNDLE_IDENTIFIER = "com.beausmith.CodePath-Week-1-Dropbox";
				PRODUCT_NAME = "$(TARGET_NAME)";
			};
			name = Debug;
		};
		8B535D531C61C5E800153FED /* Release */ = {
			isa = XCBuildConfiguration;
			buildSettings = {
				ASSETCATALOG_COMPILER_APPICON_NAME = AppIcon;
				INFOPLIST_FILE = "CodePath Week 1 Dropbox/Info.plist";
				LD_RUNPATH_SEARCH_PATHS = "$(inherited) @executable_path/Frameworks";
				PRODUCT_BUNDLE_IDENTIFIER = "com.beausmith.CodePath-Week-1-Dropbox";
				PRODUCT_NAME = "$(TARGET_NAME)";
			};
			name = Release;
		};
/* End XCBuildConfiguration section */

/* Begin XCConfigurationList section */
		8B535D3A1C61C5E800153FED /* Build configuration list for PBXProject "CodePath Week 1 Dropbox" */ = {
			isa = XCConfigurationList;
			buildConfigurations = (
				8B535D4F1C61C5E800153FED /* Debug */,
				8B535D501C61C5E800153FED /* Release */,
			);
			defaultConfigurationIsVisible = 0;
			defaultConfigurationName = Release;
		};
		8B535D511C61C5E800153FED /* Build configuration list for PBXNativeTarget "CodePath Week 1 Dropbox" */ = {
			isa = XCConfigurationList;
			buildConfigurations = (
				8B535D521C61C5E800153FED /* Debug */,
				8B535D531C61C5E800153FED /* Release */,
			);
			defaultConfigurationIsVisible = 0;
		};
/* End XCConfigurationList section */
	};
	rootObject = 8B535D371C61C5E800153FED /* Project object */;
}
